
Microsoft Visual Studio Solution File, Format Version 12.00
# Visual Studio Version 17
VisualStudioVersion = 17.6.33723.286
MinimumVisualStudioVersion = 10.0.40219.1
Project("{FAE04EC0-301F-11D3-BF4B-00C04F79EFBC}") = "LengthCalculator", "LengthCalculator.csproj", "{5AF07326-3168-42F4-B013-FD7F16B68741}"
EndProject
Global
	GlobalSection(SolutionConfigurationPlatforms) = preSolution
		Debug|Any CPU = Debug|Any CPU
		Release|Any CPU = Release|Any CPU
	EndGlobalSection
	GlobalSection(ProjectConfigurationPlatforms) = postSolution
		{5AF07326-3168-42F4-B013-FD7F16B68741}.Debug|Any CPU.ActiveCfg = Debug|Any CPU
		{5AF07326-3168-42F4-B013-FD7F16B68741}.Debug|Any CPU.Build.0 = Debug|Any CPU
		{5AF07326-3168-42F4-B013-FD7F16B68741}.Release|Any CPU.ActiveCfg = Release|Any CPU
		{5AF07326-3168-42F4-B013-FD7F16B68741}.Release|Any CPU.Build.0 = Release|Any CPU
	EndGlobalSection
	GlobalSection(SolutionProperties) = preSolution
		HideSolutionNode = FALSE
	EndGlobalSection
	GlobalSection(ExtensibilityGlobals) = postSolution
		SolutionGuid = {ABE96CEA-7D47-4E29-AD53-D1F0CB904D50}
	EndGlobalSection
EndGlobal
